
Microsoft Visual Studio Solution File, Format Version 12.00
# Visual Studio 14
VisualStudioVersion = 14.0.24720.0
MinimumVisualStudioVersion = 10.0.40219.1
Project("{FAE04EC0-301F-11D3-BF4B-00C04F79EFBC}") = "VarReplacer", "VarReplacer\VarReplacer\VarReplacer.csproj", "{43351E15-84EF-4D91-B004-18C889E02D60}"
EndProject
Project("{FAE04EC0-301F-11D3-BF4B-00C04F79EFBC}") = "VarReplacer.Vsix", "VarReplacer\VarReplacer.Vsix\VarReplacer.Vsix.csproj", "{BDCF726F-DC9C-46D0-AD90-40A3B114BCA1}"
EndProject
Global
	GlobalSection(SolutionConfigurationPlatforms) = preSolution
		Debug|Any CPU = Debug|Any CPU
		Release|Any CPU = Release|Any CPU
	EndGlobalSection
	GlobalSection(ProjectConfigurationPlatforms) = postSolution
		{43351E15-84EF-4D91-B004-18C889E02D60}.Debug|Any CPU.ActiveCfg = Debug|Any CPU
		{43351E15-84EF-4D91-B004-18C889E02D60}.Debug|Any CPU.Build.0 = Debug|Any CPU
		{43351E15-84EF-4D91-B004-18C889E02D60}.Release|Any CPU.ActiveCfg = Release|Any CPU
		{43351E15-84EF-4D91-B004-18C889E02D60}.Release|Any CPU.Build.0 = Release|Any CPU
		{BDCF726F-DC9C-46D0-AD90-40A3B114BCA1}.Debug|Any CPU.ActiveCfg = Debug|Any CPU
		{BDCF726F-DC9C-46D0-AD90-40A3B114BCA1}.Debug|Any CPU.Build.0 = Debug|Any CPU
		{BDCF726F-DC9C-46D0-AD90-40A3B114BCA1}.Release|Any CPU.ActiveCfg = Release|Any CPU
		{BDCF726F-DC9C-46D0-AD90-40A3B114BCA1}.Release|Any CPU.Build.0 = Release|Any CPU
	EndGlobalSection
	GlobalSection(SolutionProperties) = preSolution
		HideSolutionNode = FALSE
	EndGlobalSection
EndGlobal
